
Microsoft Visual Studio Solution File, Format Version 12.00
# Visual Studio 15
Project("{FAE04EC0-301F-11D3-BF4B-00C04F79EFBC}") = "Unity.AdaptivePerformance", "Unity.AdaptivePerformance.csproj", "{0F25762C-2634-5C47-6DDE-799D004542AF}"
EndProject
Project("{FAE04EC0-301F-11D3-BF4B-00C04F79EFBC}") = "UnityEngine.TestRunner", "UnityEngine.TestRunner.csproj", "{7AECA9BC-2BF7-8EC8-A9E9-209BA857741E}"
EndProject
Project("{FAE04EC0-301F-11D3-BF4B-00C04F79EFBC}") = "UnityEngine.UI", "UnityEngine.UI.csproj", "{36E150CE-EF87-EC8F-39BD-639EB1F69F00}"
EndProject
Project("{FAE04EC0-301F-11D3-BF4B-00C04F79EFBC}") = "Unity.VisualScripting.Flow", "Unity.VisualScripting.Flow.csproj", "{3C7A46EF-096D-4DE0-C0DC-891939F9286B}"
EndProject
Project("{FAE04EC0-301F-11D3-BF4B-00C04F79EFBC}") = "Unity.VisualScripting.State", "Unity.VisualScripting.State.csproj", "{34B757A6-89DA-3F09-7352-BA50DFBA51C1}"
EndProject
Project("{FAE04EC0-301F-11D3-BF4B-00C04F79EFBC}") = "Unity.VisualScripting.Core", "Unity.VisualScripting.Core.csproj", "{482EF24A-8F98-ABDA-0CC9-1896CEB9009B}"
EndProject
Project("{FAE04EC0-301F-11D3-BF4B-00C04F79EFBC}") = "Unity.TextMeshPro", "Unity.TextMeshPro.csproj", "{D6E5AEAF-49D4-54B2-B464-24A246D7D0C2}"
EndProject
Project("{FAE04EC0-301F-11D3-BF4B-00C04F79EFBC}") = "Unity.Timeline", "Unity.Timeline.csproj", "{843CF95B-8FE9-5827-1B98-71C4F3357047}"
EndProject
Project("{FAE04EC0-301F-11D3-BF4B-00C04F79EFBC}") = "Unity.Notifications.Android", "Unity.Notifications.Android.csproj", "{C51D2F48-4B2C-4363-14D3-B8A0D2837486}"
EndProject
Project("{FAE04EC0-301F-11D3-BF4B-00C04F79EFBC}") = "Unity.Notifications.iOS", "Unity.Notifications.iOS.csproj", "{76CC00E0-E79F-3730-1693-915BA37E0FCC}"
EndProject
Project("{FAE04EC0-301F-11D3-BF4B-00C04F79EFBC}") = "Assembly-CSharp", "Assembly-CSharp.csproj", "{866476E4-9507-E104-87CE-F2EE296761D7}"
EndProject
Project("{FAE04EC0-301F-11D3-BF4B-00C04F79EFBC}") = "Unity.Profiling.Core", "Unity.Profiling.Core.csproj", "{749278E5-E33F-7195-B31A-75992066A04F}"
EndProject
Project("{FAE04EC0-301F-11D3-BF4B-00C04F79EFBC}") = "Unity.Notifications.Unified", "Unity.Notifications.Unified.csproj", "{365D0692-0AAD-FC2B-04FE-A9DC4D5D4C1C}"
EndProject
Project("{FAE04EC0-301F-11D3-BF4B-00C04F79EFBC}") = "Unity.Subsystem.Registration", "Unity.Subsystem.Registration.csproj", "{64BF4698-D41B-C0D9-50B5-6C29CCC894EC}"
EndProject
Project("{FAE04EC0-301F-11D3-BF4B-00C04F79EFBC}") = "Unity.PlasticSCM.Editor", "Unity.PlasticSCM.Editor.csproj", "{2E71B010-20DB-83E6-BB4A-8C23734AF169}"
EndProject
Project("{FAE04EC0-301F-11D3-BF4B-00C04F79EFBC}") = "Unity.VisualScripting.Core.Editor", "Unity.VisualScripting.Core.Editor.csproj", "{345C8B03-D838-AA91-B20D-783EA6F90617}"
EndProject
Project("{FAE04EC0-301F-11D3-BF4B-00C04F79EFBC}") = "Unity.VisualScripting.Flow.Editor", "Unity.VisualScripting.Flow.Editor.csproj", "{0E735DA4-ACD9-7755-28B8-6E36DA975E37}"
EndProject
Project("{FAE04EC0-301F-11D3-BF4B-00C04F79EFBC}") = "Unity.VisualStudio.Editor", "Unity.VisualStudio.Editor.csproj", "{0806C0F4-0A96-2A4F-947F-950852F5D3A7}"
EndProject
Project("{FAE04EC0-301F-11D3-BF4B-00C04F79EFBC}") = "Unity.Timeline.Editor", "Unity.Timeline.Editor.csproj", "{A947168F-1EC7-36C2-D95D-DCCDC57E2453}"
EndProject
Project("{FAE04EC0-301F-11D3-BF4B-00C04F79EFBC}") = "Unity.VisualScripting.State.Editor", "Unity.VisualScripting.State.Editor.csproj", "{C2E98807-784C-F8F0-FF29-E2AA08363E92}"
EndProject
Project("{FAE04EC0-301F-11D3-BF4B-00C04F79EFBC}") = "Unity.TextMeshPro.Editor", "Unity.TextMeshPro.Editor.csproj", "{2367530C-77D5-66CD-61F2-1D5617716E45}"
EndProject
Project("{FAE04EC0-301F-11D3-BF4B-00C04F79EFBC}") = "Unity.AdaptivePerformance.Simulator.Editor", "Unity.AdaptivePerformance.Simulator.Editor.csproj", "{608425CC-405F-FABC-8EF3-43023E4D46BE}"
EndProject
Project("{FAE04EC0-301F-11D3-BF4B-00C04F79EFBC}") = "Unity.VisualScripting.SettingsProvider.Editor", "Unity.VisualScripting.SettingsProvider.Editor.csproj", "{637446E0-E063-61D1-6CE9-DFA4BB6E6A28}"
EndProject
Project("{FAE04EC0-301F-11D3-BF4B-00C04F79EFBC}") = "UnityEditor.TestRunner", "UnityEditor.TestRunner.csproj", "{76C25691-ED0D-56DE-D572-0974E6CF9459}"
EndProject
Project("{FAE04EC0-301F-11D3-BF4B-00C04F79EFBC}") = "Unity.Mobile.AndroidLogcat.Editor", "Unity.Mobile.AndroidLogcat.Editor.csproj", "{58336648-67AC-933A-7452-A16E2057C1B3}"
EndProject
Project("{FAE04EC0-301F-11D3-BF4B-00C04F79EFBC}") = "Unity.Rider.Editor", "Unity.Rider.Editor.csproj", "{B91FB94A-AB3F-29C6-194A-8454D1867414}"
EndProject
Project("{FAE04EC0-301F-11D3-BF4B-00C04F79EFBC}") = "Unity.VSCode.Editor", "Unity.VSCode.Editor.csproj", "{8F893BD5-2FBF-4B30-AAFD-D695693464DA}"
EndProject
Project("{FAE04EC0-301F-11D3-BF4B-00C04F79EFBC}") = "Unity.Notifications", "Unity.Notifications.csproj", "{4F0184C1-9A33-4301-2AE7-29C39F3B9650}"
EndProject
Project("{FAE04EC0-301F-11D3-BF4B-00C04F79EFBC}") = "UnityEditor.UI", "UnityEditor.UI.csproj", "{555AB5C6-D5FB-330D-5887-D205116817D1}"
EndProject
Project("{FAE04EC0-301F-11D3-BF4B-00C04F79EFBC}") = "Unity.CollabProxy.Editor", "Unity.CollabProxy.Editor.csproj", "{B7D43230-0D26-40C3-75FD-405607ACF7A3}"
EndProject
Project("{FAE04EC0-301F-11D3-BF4B-00C04F79EFBC}") = "Unity.AdaptivePerformance.Editor", "Unity.AdaptivePerformance.Editor.csproj", "{5EDBAA00-744B-85E2-2813-C90CF8EA9F30}"
EndProject
Project("{FAE04EC0-301F-11D3-BF4B-00C04F79EFBC}") = "Unity.VisualScripting.Shared.Editor", "Unity.VisualScripting.Shared.Editor.csproj", "{6B3E03B8-6A2E-458B-DCA0-36CD3757C837}"
EndProject
Project("{FAE04EC0-301F-11D3-BF4B-00C04F79EFBC}") = "Unity.AdaptivePerformance.Simulator.Extension", "Unity.AdaptivePerformance.Simulator.Extension.csproj", "{C811A1D4-426D-5AD5-0DE8-EC9958A280C2}"
EndProject
Project("{FAE04EC0-301F-11D3-BF4B-00C04F79EFBC}") = "Unity.AdaptivePerformance.UI.Editor", "Unity.AdaptivePerformance.UI.Editor.csproj", "{D0D4C62D-0428-1051-F645-07865F0A5E3E}"
EndProject
Project("{FAE04EC0-301F-11D3-BF4B-00C04F79EFBC}") = "Unity.AdaptivePerformance.Profiler.Editor", "Unity.AdaptivePerformance.Profiler.Editor.csproj", "{93B900D4-0C65-F9B0-832D-7038B9E63AC9}"
EndProject
Project("{FAE04EC0-301F-11D3-BF4B-00C04F79EFBC}") = "Unity.AdaptivePerformance", "Unity.AdaptivePerformance.Player.csproj", "{1993AF4D-3859-4EBD-4550-5A035DDF58F7}"
EndProject
Project("{FAE04EC0-301F-11D3-BF4B-00C04F79EFBC}") = "UnityEngine.TestRunner", "UnityEngine.TestRunner.Player.csproj", "{B0F2649E-7CA8-F087-7C00-33F16BCAD900}"
EndProject
Project("{FAE04EC0-301F-11D3-BF4B-00C04F79EFBC}") = "UnityEngine.UI", "UnityEngine.UI.Player.csproj", "{0291CF29-265E-879A-2ABD-05F594B39B10}"
EndProject
Project("{FAE04EC0-301F-11D3-BF4B-00C04F79EFBC}") = "Unity.VisualScripting.Flow", "Unity.VisualScripting.Flow.Player.csproj", "{18A66232-FADD-35A5-A0CD-9564E1FC7033}"
EndProject
Project("{FAE04EC0-301F-11D3-BF4B-00C04F79EFBC}") = "Unity.VisualScripting.State", "Unity.VisualScripting.State.Player.csproj", "{D642E8E1-5314-C163-4916-12A457447633}"
EndProject
Project("{FAE04EC0-301F-11D3-BF4B-00C04F79EFBC}") = "Unity.VisualScripting.Core", "Unity.VisualScripting.Core.Player.csproj", "{33644F20-7BF0-30D8-E0BC-BEEAE6E983EC}"
EndProject
Project("{FAE04EC0-301F-11D3-BF4B-00C04F79EFBC}") = "Unity.TextMeshPro", "Unity.TextMeshPro.Player.csproj", "{C144B90D-07F5-A1F8-11ED-EDA7A1449F16}"
EndProject
Project("{FAE04EC0-301F-11D3-BF4B-00C04F79EFBC}") = "Unity.Timeline", "Unity.Timeline.Player.csproj", "{FC8A4149-DE60-DFA6-1CF6-6DC181C0DC1C}"
EndProject
Project("{FAE04EC0-301F-11D3-BF4B-00C04F79EFBC}") = "Assembly-CSharp", "Assembly-CSharp.Player.csproj", "{92BB7BAA-5546-7DAB-6836-99ADF48D3FDD}"
EndProject
Project("{FAE04EC0-301F-11D3-BF4B-00C04F79EFBC}") = "Unity.Profiling.Core", "Unity.Profiling.Core.Player.csproj", "{3C644111-27AC-2C14-7CFB-7BDF950741DF}"
EndProject
Project("{FAE04EC0-301F-11D3-BF4B-00C04F79EFBC}") = "Unity.Subsystem.Registration", "Unity.Subsystem.Registration.Player.csproj", "{13C58952-A655-D730-08AA-27ACD80AF116}"
EndProject
Global
	GlobalSection(SolutionConfigurationPlatforms) = preSolution
		Debug|Any CPU = Debug|Any CPU
		Release|Any CPU = Release|Any CPU
	EndGlobalSection
	GlobalSection(ProjectConfigurationPlatforms) = postSolution
		{0F25762C-2634-5C47-6DDE-799D004542AF}.Debug|Any CPU.ActiveCfg = Debug|Any CPU
		{0F25762C-2634-5C47-6DDE-799D004542AF}.Debug|Any CPU.Build.0 = Debug|Any CPU
		{0F25762C-2634-5C47-6DDE-799D004542AF}.Release|Any CPU.ActiveCfg = Release|Any CPU
		{0F25762C-2634-5C47-6DDE-799D004542AF}.Release|Any CPU.Build.0 = Release|Any CPU
		{7AECA9BC-2BF7-8EC8-A9E9-209BA857741E}.Debug|Any CPU.ActiveCfg = Debug|Any CPU
		{7AECA9BC-2BF7-8EC8-A9E9-209BA857741E}.Debug|Any CPU.Build.0 = Debug|Any CPU
		{7AECA9BC-2BF7-8EC8-A9E9-209BA857741E}.Release|Any CPU.ActiveCfg = Release|Any CPU
		{7AECA9BC-2BF7-8EC8-A9E9-209BA857741E}.Release|Any CPU.Build.0 = Release|Any CPU
		{36E150CE-EF87-EC8F-39BD-639EB1F69F00}.Debug|Any CPU.ActiveCfg = Debug|Any CPU
		{36E150CE-EF87-EC8F-39BD-639EB1F69F00}.Debug|Any CPU.Build.0 = Debug|Any CPU
		{36E150CE-EF87-EC8F-39BD-639EB1F69F00}.Release|Any CPU.ActiveCfg = Release|Any CPU
		{36E150CE-EF87-EC8F-39BD-639EB1F69F00}.Release|Any CPU.Build.0 = Release|Any CPU
		{3C7A46EF-096D-4DE0-C0DC-891939F9286B}.Debug|Any CPU.ActiveCfg = Debug|Any CPU
		{3C7A46EF-096D-4DE0-C0DC-891939F9286B}.Debug|Any CPU.Build.0 = Debug|Any CPU
		{3C7A46EF-096D-4DE0-C0DC-891939F9286B}.Release|Any CPU.ActiveCfg = Release|Any CPU
		{3C7A46EF-096D-4DE0-C0DC-891939F9286B}.Release|Any CPU.Build.0 = Release|Any CPU
		{34B757A6-89DA-3F09-7352-BA50DFBA51C1}.Debug|Any CPU.ActiveCfg = Debug|Any CPU
		{34B757A6-89DA-3F09-7352-BA50DFBA51C1}.Debug|Any CPU.Build.0 = Debug|Any CPU
		{34B757A6-89DA-3F09-7352-BA50DFBA51C1}.Release|Any CPU.ActiveCfg = Release|Any CPU
		{34B757A6-89DA-3F09-7352-BA50DFBA51C1}.Release|Any CPU.Build.0 = Release|Any CPU
		{482EF24A-8F98-ABDA-0CC9-1896CEB9009B}.Debug|Any CPU.ActiveCfg = Debug|Any CPU
		{482EF24A-8F98-ABDA-0CC9-1896CEB9009B}.Debug|Any CPU.Build.0 = Debug|Any CPU
		{482EF24A-8F98-ABDA-0CC9-1896CEB9009B}.Release|Any CPU.ActiveCfg = Release|Any CPU
		{482EF24A-8F98-ABDA-0CC9-1896CEB9009B}.Release|Any CPU.Build.0 = Release|Any CPU
		{D6E5AEAF-49D4-54B2-B464-24A246D7D0C2}.Debug|Any CPU.ActiveCfg = Debug|Any CPU
		{D6E5AEAF-49D4-54B2-B464-24A246D7D0C2}.Debug|Any CPU.Build.0 = Debug|Any CPU
		{D6E5AEAF-49D4-54B2-B464-24A246D7D0C2}.Release|Any CPU.ActiveCfg = Release|Any CPU
		{D6E5AEAF-49D4-54B2-B464-24A246D7D0C2}.Release|Any CPU.Build.0 = Release|Any CPU
		{843CF95B-8FE9-5827-1B98-71C4F3357047}.Debug|Any CPU.ActiveCfg = Debug|Any CPU
		{843CF95B-8FE9-5827-1B98-71C4F3357047}.Debug|Any CPU.Build.0 = Debug|Any CPU
		{843CF95B-8FE9-5827-1B98-71C4F3357047}.Release|Any CPU.ActiveCfg = Release|Any CPU
		{843CF95B-8FE9-5827-1B98-71C4F3357047}.Release|Any CPU.Build.0 = Release|Any CPU
		{C51D2F48-4B2C-4363-14D3-B8A0D2837486}.Debug|Any CPU.ActiveCfg = Debug|Any CPU
		{C51D2F48-4B2C-4363-14D3-B8A0D2837486}.Debug|Any CPU.Build.0 = Debug|Any CPU
		{C51D2F48-4B2C-4363-14D3-B8A0D2837486}.Release|Any CPU.ActiveCfg = Release|Any CPU
		{C51D2F48-4B2C-4363-14D3-B8A0D2837486}.Release|Any CPU.Build.0 = Release|Any CPU
		{76CC00E0-E79F-3730-1693-915BA37E0FCC}.Debug|Any CPU.ActiveCfg = Debug|Any CPU
		{76CC00E0-E79F-3730-1693-915BA37E0FCC}.Debug|Any CPU.Build.0 = Debug|Any CPU
		{76CC00E0-E79F-3730-1693-915BA37E0FCC}.Release|Any CPU.ActiveCfg = Release|Any CPU
		{76CC00E0-E79F-3730-1693-915BA37E0FCC}.Release|Any CPU.Build.0 = Release|Any CPU
		{866476E4-9507-E104-87CE-F2EE296761D7}.Debug|Any CPU.ActiveCfg = Debug|Any CPU
		{866476E4-9507-E104-87CE-F2EE296761D7}.Debug|Any CPU.Build.0 = Debug|Any CPU
		{866476E4-9507-E104-87CE-F2EE296761D7}.Release|Any CPU.ActiveCfg = Release|Any CPU
		{866476E4-9507-E104-87CE-F2EE296761D7}.Release|Any CPU.Build.0 = Release|Any CPU
		{749278E5-E33F-7195-B31A-75992066A04F}.Debug|Any CPU.ActiveCfg = Debug|Any CPU
		{749278E5-E33F-7195-B31A-75992066A04F}.Debug|Any CPU.Build.0 = Debug|Any CPU
		{749278E5-E33F-7195-B31A-75992066A04F}.Release|Any CPU.ActiveCfg = Release|Any CPU
		{749278E5-E33F-7195-B31A-75992066A04F}.Release|Any CPU.Build.0 = Release|Any CPU
		{365D0692-0AAD-FC2B-04FE-A9DC4D5D4C1C}.Debug|Any CPU.ActiveCfg = Debug|Any CPU
		{365D0692-0AAD-FC2B-04FE-A9DC4D5D4C1C}.Debug|Any CPU.Build.0 = Debug|Any CPU
		{365D0692-0AAD-FC2B-04FE-A9DC4D5D4C1C}.Release|Any CPU.ActiveCfg = Release|Any CPU
		{365D0692-0AAD-FC2B-04FE-A9DC4D5D4C1C}.Release|Any CPU.Build.0 = Release|Any CPU
		{64BF4698-D41B-C0D9-50B5-6C29CCC894EC}.Debug|Any CPU.ActiveCfg = Debug|Any CPU
		{64BF4698-D41B-C0D9-50B5-6C29CCC894EC}.Debug|Any CPU.Build.0 = Debug|Any CPU
		{64BF4698-D41B-C0D9-50B5-6C29CCC894EC}.Release|Any CPU.ActiveCfg = Release|Any CPU
		{64BF4698-D41B-C0D9-50B5-6C29CCC894EC}.Release|Any CPU.Build.0 = Release|Any CPU
		{2E71B010-20DB-83E6-BB4A-8C23734AF169}.Debug|Any CPU.ActiveCfg = Debug|Any CPU
		{2E71B010-20DB-83E6-BB4A-8C23734AF169}.Debug|Any CPU.Build.0 = Debug|Any CPU
		{2E71B010-20DB-83E6-BB4A-8C23734AF169}.Release|Any CPU.ActiveCfg = Release|Any CPU
		{2E71B010-20DB-83E6-BB4A-8C23734AF169}.Release|Any CPU.Build.0 = Release|Any CPU
		{345C8B03-D838-AA91-B20D-783EA6F90617}.Debug|Any CPU.ActiveCfg = Debug|Any CPU
		{345C8B03-D838-AA91-B20D-783EA6F90617}.Debug|Any CPU.Build.0 = Debug|Any CPU
		{345C8B03-D838-AA91-B20D-783EA6F90617}.Release|Any CPU.ActiveCfg = Release|Any CPU
		{345C8B03-D838-AA91-B20D-783EA6F90617}.Release|Any CPU.Build.0 = Release|Any CPU
		{0E735DA4-ACD9-7755-28B8-6E36DA975E37}.Debug|Any CPU.ActiveCfg = Debug|Any CPU
		{0E735DA4-ACD9-7755-28B8-6E36DA975E37}.Debug|Any CPU.Build.0 = Debug|Any CPU
		{0E735DA4-ACD9-7755-28B8-6E36DA975E37}.Release|Any CPU.ActiveCfg = Release|Any CPU
		{0E735DA4-ACD9-7755-28B8-6E36DA975E37}.Release|Any CPU.Build.0 = Release|Any CPU
		{0806C0F4-0A96-2A4F-947F-950852F5D3A7}.Debug|Any CPU.ActiveCfg = Debug|Any CPU
		{0806C0F4-0A96-2A4F-947F-950852F5D3A7}.Debug|Any CPU.Build.0 = Debug|Any CPU
		{0806C0F4-0A96-2A4F-947F-950852F5D3A7}.Release|Any CPU.ActiveCfg = Release|Any CPU
		{0806C0F4-0A96-2A4F-947F-950852F5D3A7}.Release|Any CPU.Build.0 = Release|Any CPU
		{A947168F-1EC7-36C2-D95D-DCCDC57E2453}.Debug|Any CPU.ActiveCfg = Debug|Any CPU
		{A947168F-1EC7-36C2-D95D-DCCDC57E2453}.Debug|Any CPU.Build.0 = Debug|Any CPU
		{A947168F-1EC7-36C2-D95D-DCCDC57E2453}.Release|Any CPU.ActiveCfg = Release|Any CPU
		{A947168F-1EC7-36C2-D95D-DCCDC57E2453}.Release|Any CPU.Build.0 = Release|Any CPU
		{C2E98807-784C-F8F0-FF29-E2AA08363E92}.Debug|Any CPU.ActiveCfg = Debug|Any CPU
		{C2E98807-784C-F8F0-FF29-E2AA08363E92}.Debug|Any CPU.Build.0 = Debug|Any CPU
		{C2E98807-784C-F8F0-FF29-E2AA08363E92}.Release|Any CPU.ActiveCfg = Release|Any CPU
		{C2E98807-784C-F8F0-FF29-E2AA08363E92}.Release|Any CPU.Build.0 = Release|Any CPU
		{2367530C-77D5-66CD-61F2-1D5617716E45}.Debug|Any CPU.ActiveCfg = Debug|Any CPU
		{2367530C-77D5-66CD-61F2-1D5617716E45}.Debug|Any CPU.Build.0 = Debug|Any CPU
		{2367530C-77D5-66CD-61F2-1D5617716E45}.Release|Any CPU.ActiveCfg = Release|Any CPU
		{2367530C-77D5-66CD-61F2-1D5617716E45}.Release|Any CPU.Build.0 = Release|Any CPU
		{608425CC-405F-FABC-8EF3-43023E4D46BE}.Debug|Any CPU.ActiveCfg = Debug|Any CPU
		{608425CC-405F-FABC-8EF3-43023E4D46BE}.Debug|Any CPU.Build.0 = Debug|Any CPU
		{608425CC-405F-FABC-8EF3-43023E4D46BE}.Release|Any CPU.ActiveCfg = Release|Any CPU
		{608425CC-405F-FABC-8EF3-43023E4D46BE}.Release|Any CPU.Build.0 = Release|Any CPU
		{637446E0-E063-61D1-6CE9-DFA4BB6E6A28}.Debug|Any CPU.ActiveCfg = Debug|Any CPU
		{637446E0-E063-61D1-6CE9-DFA4BB6E6A28}.Debug|Any CPU.Build.0 = Debug|Any CPU
		{637446E0-E063-61D1-6CE9-DFA4BB6E6A28}.Release|Any CPU.ActiveCfg = Release|Any CPU
		{637446E0-E063-61D1-6CE9-DFA4BB6E6A28}.Release|Any CPU.Build.0 = Release|Any CPU
		{76C25691-ED0D-56DE-D572-0974E6CF9459}.Debug|Any CPU.ActiveCfg = Debug|Any CPU
		{76C25691-ED0D-56DE-D572-0974E6CF9459}.Debug|Any CPU.Build.0 = Debug|Any CPU
		{76C25691-ED0D-56DE-D572-0974E6CF9459}.Release|Any CPU.ActiveCfg = Release|Any CPU
		{76C25691-ED0D-56DE-D572-0974E6CF9459}.Release|Any CPU.Build.0 = Release|Any CPU
		{58336648-67AC-933A-7452-A16E2057C1B3}.Debug|Any CPU.ActiveCfg = Debug|Any CPU
		{58336648-67AC-933A-7452-A16E2057C1B3}.Debug|Any CPU.Build.0 = Debug|Any CPU
		{58336648-67AC-933A-7452-A16E2057C1B3}.Release|Any CPU.ActiveCfg = Release|Any CPU
		{58336648-67AC-933A-7452-A16E2057C1B3}.Release|Any CPU.Build.0 = Release|Any CPU
		{B91FB94A-AB3F-29C6-194A-8454D1867414}.Debug|Any CPU.ActiveCfg = Debug|Any CPU
		{B91FB94A-AB3F-29C6-194A-8454D1867414}.Debug|Any CPU.Build.0 = Debug|Any CPU
		{B91FB94A-AB3F-29C6-194A-8454D1867414}.Release|Any CPU.ActiveCfg = Release|Any CPU
		{B91FB94A-AB3F-29C6-194A-8454D1867414}.Release|Any CPU.Build.0 = Release|Any CPU
		{8F893BD5-2FBF-4B30-AAFD-D695693464DA}.Debug|Any CPU.ActiveCfg = Debug|Any CPU
		{8F893BD5-2FBF-4B30-AAFD-D695693464DA}.Debug|Any CPU.Build.0 = Debug|Any CPU
		{8F893BD5-2FBF-4B30-AAFD-D695693464DA}.Release|Any CPU.ActiveCfg = Release|Any CPU
		{8F893BD5-2FBF-4B30-AAFD-D695693464DA}.Release|Any CPU.Build.0 = Release|Any CPU
		{4F0184C1-9A33-4301-2AE7-29C39F3B9650}.Debug|Any CPU.ActiveCfg = Debug|Any CPU
		{4F0184C1-9A33-4301-2AE7-29C39F3B9650}.Debug|Any CPU.Build.0 = Debug|Any CPU
		{4F0184C1-9A33-4301-2AE7-29C39F3B9650}.Release|Any CPU.ActiveCfg = Release|Any CPU
		{4F0184C1-9A33-4301-2AE7-29C39F3B9650}.Release|Any CPU.Build.0 = Release|Any CPU
		{555AB5C6-D5FB-330D-5887-D205116817D1}.Debug|Any CPU.ActiveCfg = Debug|Any CPU
		{555AB5C6-D5FB-330D-5887-D205116817D1}.Debug|Any CPU.Build.0 = Debug|Any CPU
		{555AB5C6-D5FB-330D-5887-D205116817D1}.Release|Any CPU.ActiveCfg = Release|Any CPU
		{555AB5C6-D5FB-330D-5887-D205116817D1}.Release|Any CPU.Build.0 = Release|Any CPU
		{B7D43230-0D26-40C3-75FD-405607ACF7A3}.Debug|Any CPU.ActiveCfg = Debug|Any CPU
		{B7D43230-0D26-40C3-75FD-405607ACF7A3}.Debug|Any CPU.Build.0 = Debug|Any CPU
		{B7D43230-0D26-40C3-75FD-405607ACF7A3}.Release|Any CPU.ActiveCfg = Release|Any CPU
		{B7D43230-0D26-40C3-75FD-405607ACF7A3}.Release|Any CPU.Build.0 = Release|Any CPU
		{5EDBAA00-744B-85E2-2813-C90CF8EA9F30}.Debug|Any CPU.ActiveCfg = Debug|Any CPU
		{5EDBAA00-744B-85E2-2813-C90CF8EA9F30}.Debug|Any CPU.Build.0 = Debug|Any CPU
		{5EDBAA00-744B-85E2-2813-C90CF8EA9F30}.Release|Any CPU.ActiveCfg = Release|Any CPU
		{5EDBAA00-744B-85E2-2813-C90CF8EA9F30}.Release|Any CPU.Build.0 = Release|Any CPU
		{6B3E03B8-6A2E-458B-DCA0-36CD3757C837}.Debug|Any CPU.ActiveCfg = Debug|Any CPU
		{6B3E03B8-6A2E-458B-DCA0-36CD3757C837}.Debug|Any CPU.Build.0 = Debug|Any CPU
		{6B3E03B8-6A2E-458B-DCA0-36CD3757C837}.Release|Any CPU.ActiveCfg = Release|Any CPU
		{6B3E03B8-6A2E-458B-DCA0-36CD3757C837}.Release|Any CPU.Build.0 = Release|Any CPU
		{C811A1D4-426D-5AD5-0DE8-EC9958A280C2}.Debug|Any CPU.ActiveCfg = Debug|Any CPU
		{C811A1D4-426D-5AD5-0DE8-EC9958A280C2}.Debug|Any CPU.Build.0 = Debug|Any CPU
		{C811A1D4-426D-5AD5-0DE8-EC9958A280C2}.Release|Any CPU.ActiveCfg = Release|Any CPU
		{C811A1D4-426D-5AD5-0DE8-EC9958A280C2}.Release|Any CPU.Build.0 = Release|Any CPU
		{D0D4C62D-0428-1051-F645-07865F0A5E3E}.Debug|Any CPU.ActiveCfg = Debug|Any CPU
		{D0D4C62D-0428-1051-F645-07865F0A5E3E}.Debug|Any CPU.Build.0 = Debug|Any CPU
		{D0D4C62D-0428-1051-F645-07865F0A5E3E}.Release|Any CPU.ActiveCfg = Release|Any CPU
		{D0D4C62D-0428-1051-F645-07865F0A5E3E}.Release|Any CPU.Build.0 = Release|Any CPU
		{93B900D4-0C65-F9B0-832D-7038B9E63AC9}.Debug|Any CPU.ActiveCfg = Debug|Any CPU
		{93B900D4-0C65-F9B0-832D-7038B9E63AC9}.Debug|Any CPU.Build.0 = Debug|Any CPU
		{93B900D4-0C65-F9B0-832D-7038B9E63AC9}.Release|Any CPU.ActiveCfg = Release|Any CPU
		{93B900D4-0C65-F9B0-832D-7038B9E63AC9}.Release|Any CPU.Build.0 = Release|Any CPU
		{1993AF4D-3859-4EBD-4550-5A035DDF58F7}.Debug|Any CPU.ActiveCfg = Debug|Any CPU
		{1993AF4D-3859-4EBD-4550-5A035DDF58F7}.Debug|Any CPU.Build.0 = Debug|Any CPU
		{1993AF4D-3859-4EBD-4550-5A035DDF58F7}.Release|Any CPU.ActiveCfg = Release|Any CPU
		{1993AF4D-3859-4EBD-4550-5A035DDF58F7}.Release|Any CPU.Build.0 = Release|Any CPU
		{B0F2649E-7CA8-F087-7C00-33F16BCAD900}.Debug|Any CPU.ActiveCfg = Debug|Any CPU
		{B0F2649E-7CA8-F087-7C00-33F16BCAD900}.Debug|Any CPU.Build.0 = Debug|Any CPU
		{B0F2649E-7CA8-F087-7C00-33F16BCAD900}.Release|Any CPU.ActiveCfg = Release|Any CPU
		{B0F2649E-7CA8-F087-7C00-33F16BCAD900}.Release|Any CPU.Build.0 = Release|Any CPU
		{0291CF29-265E-879A-2ABD-05F594B39B10}.Debug|Any CPU.ActiveCfg = Debug|Any CPU
		{0291CF29-265E-879A-2ABD-05F594B39B10}.Debug|Any CPU.Build.0 = Debug|Any CPU
		{0291CF29-265E-879A-2ABD-05F594B39B10}.Release|Any CPU.ActiveCfg = Release|Any CPU
		{0291CF29-265E-879A-2ABD-05F594B39B10}.Release|Any CPU.Build.0 = Release|Any CPU
		{18A66232-FADD-35A5-A0CD-9564E1FC7033}.Debug|Any CPU.ActiveCfg = Debug|Any CPU
		{18A66232-FADD-35A5-A0CD-9564E1FC7033}.Debug|Any CPU.Build.0 = Debug|Any CPU
		{18A66232-FADD-35A5-A0CD-9564E1FC7033}.Release|Any CPU.ActiveCfg = Release|Any CPU
		{18A66232-FADD-35A5-A0CD-9564E1FC7033}.Release|Any CPU.Build.0 = Release|Any CPU
		{D642E8E1-5314-C163-4916-12A457447633}.Debug|Any CPU.ActiveCfg = Debug|Any CPU
		{D642E8E1-5314-C163-4916-12A457447633}.Debug|Any CPU.Build.0 = Debug|Any CPU
		{D642E8E1-5314-C163-4916-12A457447633}.Release|Any CPU.ActiveCfg = Release|Any CPU
		{D642E8E1-5314-C163-4916-12A457447633}.Release|Any CPU.Build.0 = Release|Any CPU
		{33644F20-7BF0-30D8-E0BC-BEEAE6E983EC}.Debug|Any CPU.ActiveCfg = Debug|Any CPU
		{33644F20-7BF0-30D8-E0BC-BEEAE6E983EC}.Debug|Any CPU.Build.0 = Debug|Any CPU
		{33644F20-7BF0-30D8-E0BC-BEEAE6E983EC}.Release|Any CPU.ActiveCfg = Release|Any CPU
		{33644F20-7BF0-30D8-E0BC-BEEAE6E983EC}.Release|Any CPU.Build.0 = Release|Any CPU
		{C144B90D-07F5-A1F8-11ED-EDA7A1449F16}.Debug|Any CPU.ActiveCfg = Debug|Any CPU
		{C144B90D-07F5-A1F8-11ED-EDA7A1449F16}.Debug|Any CPU.Build.0 = Debug|Any CPU
		{C144B90D-07F5-A1F8-11ED-EDA7A1449F16}.Release|Any CPU.ActiveCfg = Release|Any CPU
		{C144B90D-07F5-A1F8-11ED-EDA7A1449F16}.Release|Any CPU.Build.0 = Release|Any CPU
		{FC8A4149-DE60-DFA6-1CF6-6DC181C0DC1C}.Debug|Any CPU.ActiveCfg = Debug|Any CPU
		{FC8A4149-DE60-DFA6-1CF6-6DC181C0DC1C}.Debug|Any CPU.Build.0 = Debug|Any CPU
		{FC8A4149-DE60-DFA6-1CF6-6DC181C0DC1C}.Release|Any CPU.ActiveCfg = Release|Any CPU
		{FC8A4149-DE60-DFA6-1CF6-6DC181C0DC1C}.Release|Any CPU.Build.0 = Release|Any CPU
		{92BB7BAA-5546-7DAB-6836-99ADF48D3FDD}.Debug|Any CPU.ActiveCfg = Debug|Any CPU
		{92BB7BAA-5546-7DAB-6836-99ADF48D3FDD}.Debug|Any CPU.Build.0 = Debug|Any CPU
		{92BB7BAA-5546-7DAB-6836-99ADF48D3FDD}.Release|Any CPU.ActiveCfg = Release|Any CPU
		{92BB7BAA-5546-7DAB-6836-99ADF48D3FDD}.Release|Any CPU.Build.0 = Release|Any CPU
		{3C644111-27AC-2C14-7CFB-7BDF950741DF}.Debug|Any CPU.ActiveCfg = Debug|Any CPU
		{3C644111-27AC-2C14-7CFB-7BDF950741DF}.Debug|Any CPU.Build.0 = Debug|Any CPU
		{3C644111-27AC-2C14-7CFB-7BDF950741DF}.Release|Any CPU.ActiveCfg = Release|Any CPU
		{3C644111-27AC-2C14-7CFB-7BDF950741DF}.Release|Any CPU.Build.0 = Release|Any CPU
		{13C58952-A655-D730-08AA-27ACD80AF116}.Debug|Any CPU.ActiveCfg = Debug|Any CPU
		{13C58952-A655-D730-08AA-27ACD80AF116}.Debug|Any CPU.Build.0 = Debug|Any CPU
		{13C58952-A655-D730-08AA-27ACD80AF116}.Release|Any CPU.ActiveCfg = Release|Any CPU
		{13C58952-A655-D730-08AA-27ACD80AF116}.Release|Any CPU.Build.0 = Release|Any CPU
	EndGlobalSection
	GlobalSection(SolutionProperties) = preSolution
		HideSolutionNode = FALSE
	EndGlobalSection
EndGlobal
